
Microsoft Visual Studio Solution File, Format Version 12.00
# Visual Studio Version 16
VisualStudioVersion = 16.0.30523.141
MinimumVisualStudioVersion = 10.0.40219.1
Project("{D2ABAB84-BF74-430A-B69E-9DC6D40DDA17}") = "Multidimensional Final Project", "Multidimensional Final Project\Multidimensional Final Project.dwproj", "{9838A195-211E-4247-A766-CFA303B49DAE}"
EndProject
Global
	GlobalSection(SolutionConfigurationPlatforms) = preSolution
		Development|Default = Development|Default
	EndGlobalSection
	GlobalSection(ProjectConfigurationPlatforms) = postSolution
		{9838A195-211E-4247-A766-CFA303B49DAE}.Development|Default.ActiveCfg = Development
		{9838A195-211E-4247-A766-CFA303B49DAE}.Development|Default.Build.0 = Development
		{9838A195-211E-4247-A766-CFA303B49DAE}.Development|Default.Deploy.0 = Development
	EndGlobalSection
	GlobalSection(SolutionProperties) = preSolution
		HideSolutionNode = FALSE
	EndGlobalSection
	GlobalSection(ExtensibilityGlobals) = postSolution
		SolutionGuid = {FAD315CA-A33E-43C3-9888-17863D746341}
	EndGlobalSection
EndGlobal
