
Microsoft Visual Studio Solution File, Format Version 12.00
# Visual Studio Version 16
VisualStudioVersion = 16.0.30523.141
MinimumVisualStudioVersion = 10.0.40219.1
Project("{159641D6-6404-4A2A-AE62-294DE0FE8301}") = "Integration Services Week11", "Integration Services Week11\Integration Services Week11.dtproj", "{DE869887-A3B8-461D-B031-294AF43D2F57}"
EndProject
Global
	GlobalSection(SolutionConfigurationPlatforms) = preSolution
		Development|Default = Development|Default
	EndGlobalSection
	GlobalSection(ProjectConfigurationPlatforms) = postSolution
		{DE869887-A3B8-461D-B031-294AF43D2F57}.Development|Default.ActiveCfg = Development
		{DE869887-A3B8-461D-B031-294AF43D2F57}.Development|Default.Build.0 = Development
	EndGlobalSection
	GlobalSection(SolutionProperties) = preSolution
		HideSolutionNode = FALSE
	EndGlobalSection
	GlobalSection(ExtensibilityGlobals) = postSolution
		SolutionGuid = {A2D6D60D-AD3F-4154-BB13-4B71CAAAFCD5}
	EndGlobalSection
EndGlobal
