
Microsoft Visual Studio Solution File, Format Version 12.00
# Visual Studio Version 16
VisualStudioVersion = 16.0.30523.141
MinimumVisualStudioVersion = 10.0.40219.1
Project("{159641D6-6404-4A2A-AE62-294DE0FE8301}") = "Integration Services Week09", "Integration Services Week09\Integration Services Week09.dtproj", "{77DD7C74-1864-4C52-BEAB-7F87C77E6780}"
EndProject
Global
	GlobalSection(SolutionConfigurationPlatforms) = preSolution
		Development|Default = Development|Default
	EndGlobalSection
	GlobalSection(ProjectConfigurationPlatforms) = postSolution
		{77DD7C74-1864-4C52-BEAB-7F87C77E6780}.Development|Default.ActiveCfg = Development
		{77DD7C74-1864-4C52-BEAB-7F87C77E6780}.Development|Default.Build.0 = Development
	EndGlobalSection
	GlobalSection(SolutionProperties) = preSolution
		HideSolutionNode = FALSE
	EndGlobalSection
	GlobalSection(ExtensibilityGlobals) = postSolution
		SolutionGuid = {88841344-C131-4BB3-B240-99A79890FE58}
	EndGlobalSection
EndGlobal
